// !$*UTF8*$!
{
	archiveVersion = 1;
	classes = {
	};
	objectVersion = 46;
	objects = {

/* Begin PBXBuildFile section */
		AFA5D43D1BEA6DDC003215AD /* main.m in Sources */ = {isa = PBXBuildFile; fileRef = AFA5D43C1BEA6DDC003215AD /* main.m */; };
		AFA5D4401BEA6DDC003215AD /* AppDelegate.m in Sources */ = {isa = PBXBuildFile; fileRef = AFA5D43F1BEA6DDC003215AD /* AppDelegate.m */; };
		AFA5D4431BEA6DDC003215AD /* ViewController.m in Sources */ = {isa = PBXBuildFile; fileRef = AFA5D4421BEA6DDC003215AD /* ViewController.m */; };
		AFA5D4461BEA6DDC003215AD /* Main.storyboard in Resources */ = {isa = PBXBuildFile; fileRef = AFA5D4441BEA6DDC003215AD /* Main.storyboard */; };
		AFA5D4481BEA6DDC003215AD /* Assets.xcassets in Resources */ = {isa = PBXBuildFile; fileRef = AFA5D4471BEA6DDC003215AD /* Assets.xcassets */; };
		AFA5D44B1BEA6DDC003215AD /* LaunchScreen.storyboard in Resources */ = {isa = PBXBuildFile; fileRef = AFA5D4491BEA6DDC003215AD /* LaunchScreen.storyboard */; };
/* End PBXBuildFile section */

/* Begin PBXFileReference section */
		AFA5D4381BEA6DDC003215AD /* BranchExample.app */ = {isa = PBXFileReference; explicitFileType = wrapper.application; includeInIndex = 0; path = BranchExample.app; sourceTree = BUILT_PRODUCTS_DIR; };
		AFA5D43C1BEA6DDC003215AD /* main.m */ = {isa = PBXFileReference; lastKnownFileType = sourcecode.c.objc; path = main.m; sourceTree = "<group>"; };
		AFA5D43E1BEA6DDC003215AD /* AppDelegate.h */ = {isa = PBXFileReference; lastKnownFileType = sourcecode.c.h; path = AppDelegate.h; sourceTree = "<group>"; };
		AFA5D43F1BEA6DDC003215AD /* AppDelegate.m */ = {isa = PBXFileReference; lastKnownFileType = sourcecode.c.objc; path = AppDelegate.m; sourceTree = "<group>"; };
		AFA5D4411BEA6DDC003215AD /* ViewController.h */ = {isa = PBXFileReference; lastKnownFileType = sourcecode.c.h; path = ViewController.h; sourceTree = "<group>"; };
		AFA5D4421BEA6DDC003215AD /* ViewController.m */ = {isa = PBXFileReference; lastKnownFileType = sourcecode.c.objc; path = ViewController.m; sourceTree = "<group>"; };
		AFA5D4451BEA6DDC003215AD /* Base */ = {isa = PBXFileReference; lastKnownFileType = file.storyboard; name = Base; path = Base.lproj/Main.storyboard; sourceTree = "<group>"; };
		AFA5D4471BEA6DDC003215AD /* Assets.xcassets */ = {isa = PBXFileReference; lastKnownFileType = folder.assetcatalog; path = Assets.xcassets; sourceTree = "<group>"; };
		AFA5D44A1BEA6DDC003215AD /* Base */ = {isa = PBXFileReference; lastKnownFileType = file.storyboard; name = Base; path = Base.lproj/LaunchScreen.storyboard; sourceTree = "<group>"; };
		AFA5D44C1BEA6DDC003215AD /* Info.plist */ = {isa = PBXFileReference; lastKnownFileType = text.plist.xml; path = Info.plist; sourceTree = "<group>"; };
/* End PBXFileReference section */

/* Begin PBXFrameworksBuildPhase section */
		AFA5D4351BEA6DDC003215AD /* Frameworks */ = {
			isa = PBXFrameworksBuildPhase;
			buildActionMask = 2147483647;
			files = (
			);
			runOnlyForDeploymentPostprocessing = 0;
		};
/* End PBXFrameworksBuildPhase section */

/* Begin PBXGroup section */
		AFA5D42F1BEA6DDC003215AD = {
			isa = PBXGroup;
			children = (
				AFA5D43A1BEA6DDC003215AD /* BranchExample */,
				AFA5D4391BEA6DDC003215AD /* Products */,
			);
			sourceTree = "<group>";
		};
		AFA5D4391BEA6DDC003215AD /* Products */ = {
			isa = PBXGroup;
			children = (
				AFA5D4381BEA6DDC003215AD /* BranchExample.app */,
			);
			name = Products;
			sourceTree = "<group>";
		};
		AFA5D43A1BEA6DDC003215AD /* BranchExample */ = {
			isa = PBXGroup;
			children = (
				AFA5D43E1BEA6DDC003215AD /* AppDelegate.h */,
				AFA5D43F1BEA6DDC003215AD /* AppDelegate.m */,
				AFA5D4411BEA6DDC003215AD /* ViewController.h */,
				AFA5D4421BEA6DDC003215AD /* ViewController.m */,
				AFA5D4441BEA6DDC003215AD /* Main.storyboard */,
				AFA5D4471BEA6DDC003215AD /* Assets.xcassets */,
				AFA5D4491BEA6DDC003215AD /* LaunchScreen.storyboard */,
				AFA5D44C1BEA6DDC003215AD /* Info.plist */,
				AFA5D43B1BEA6DDC003215AD /* Supporting Files */,
			);
			path = BranchExample;
			sourceTree = "<group>";
		};
		AFA5D43B1BEA6DDC003215AD /* Supporting Files */ = {
			isa = PBXGroup;
			children = (
				AFA5D43C1BEA6DDC003215AD /* main.m */,
			);
			name = "Supporting Files";
			sourceTree = "<group>";
		};
/* End PBXGroup section */

/* Begin PBXNativeTarget section */
		AFA5D4371BEA6DDC003215AD /* BranchExample */ = {
			isa = PBXNativeTarget;
			buildConfigurationList = AFA5D44F1BEA6DDC003215AD /* Build configuration list for PBXNativeTarget "BranchExample" */;
			buildPhases = (
				AFA5D4341BEA6DDC003215AD /* Sources */,
				AFA5D4351BEA6DDC003215AD /* Frameworks */,
				AFA5D4361BEA6DDC003215AD /* Resources */,
			);
			buildRules = (
			);
			dependencies = (
			);
			name = BranchExample;
			productName = BranchExample;
			productReference = AFA5D4381BEA6DDC003215AD /* BranchExample.app */;
			productType = "com.apple.product-type.application";
		};
/* End PBXNativeTarget section */

/* Begin PBXProject section */
		AFA5D4301BEA6DDC003215AD /* Project object */ = {
			isa = PBXProject;
			attributes = {
				LastUpgradeCheck = 0700;
				ORGANIZATIONNAME = "Santiago Rama";
				TargetAttributes = {
					AFA5D4371BEA6DDC003215AD = {
						CreatedOnToolsVersion = 7.0.1;
					};
				};
			};
			buildConfigurationList = AFA5D4331BEA6DDC003215AD /* Build configuration list for PBXProject "BranchExample" */;
			compatibilityVersion = "Xcode 3.2";
			developmentRegion = English;
			hasScannedForEncodings = 0;
			knownRegions = (
				en,
				Base,
			);
			mainGroup = AFA5D42F1BEA6DDC003215AD;
			productRefGroup = AFA5D4391BEA6DDC003215AD /* Products */;
			projectDirPath = "";
			projectRoot = "";
			targets = (
				AFA5D4371BEA6DDC003215AD /* BranchExample */,
			);
		};
/* End PBXProject section */

/* Begin PBXResourcesBuildPhase section */
		AFA5D4361BEA6DDC003215AD /* Resources */ = {
			isa = PBXResourcesBuildPhase;
			buildActionMask = 2147483647;
			files = (
				AFA5D44B1BEA6DDC003215AD /* LaunchScreen.storyboard in Resources */,
				AFA5D4481BEA6DDC003215AD /* Assets.xcassets in Resources */,
				AFA5D4461BEA6DDC003215AD /* Main.storyboard in Resources */,
			);
			runOnlyForDeploymentPostprocessing = 0;
		};
/* End PBXResourcesBuildPhase section */

/* Begin PBXSourcesBuildPhase section */
		AFA5D4341BEA6DDC003215AD /* Sources */ = {
			isa = PBXSourcesBuildPhase;
			buildActionMask = 2147483647;
			files = (
				AFA5D4431BEA6DDC003215AD /* ViewController.m in Sources */,
				AFA5D4401BEA6DDC003215AD /* AppDelegate.m in Sources */,
				AFA5D43D1BEA6DDC003215AD /* main.m in Sources */,
			);
			runOnlyForDeploymentPostprocessing = 0;
		};
/* End PBXSourcesBuildPhase section */

/* Begin PBXVariantGroup section */
		AFA5D4441BEA6DDC003215AD /* Main.storyboard */ = {
			isa = PBXVariantGroup;
			children = (
				AFA5D4451BEA6DDC003215AD /* Base */,
			);
			name = Main.storyboard;
			sourceTree = "<group>";
		};
		AFA5D4491BEA6DDC003215AD /* LaunchScreen.storyboard */ = {
			isa = PBXVariantGroup;
			children = (
				AFA5D44A1BEA6DDC003215AD /* Base */,
			);
			name = LaunchScreen.storyboard;
			sourceTree = "<group>";
		};
/* End PBXVariantGroup section */

/* Begin XCBuildConfiguration section */
		AFA5D44D1BEA6DDC003215AD /* Debug */ = {
			isa = XCBuildConfiguration;
			buildSettings = {
				ALWAYS_SEARCH_USER_PATHS = NO;
				CLANG_CXX_LANGUAGE_STANDARD = "gnu++0x";
				CLANG_CXX_LIBRARY = "libc++";
				CLANG_ENABLE_MODULES = YES;
				CLANG_ENABLE_OBJC_ARC = YES;
				CLANG_WARN_BOOL_CONVERSION = YES;
				CLANG_WARN_CONSTANT_CONVERSION = YES;
				CLANG_WARN_DIRECT_OBJC_ISA_USAGE = YES_ERROR;
				CLANG_WARN_EMPTY_BODY = YES;
				CLANG_WARN_ENUM_CONVERSION = YES;
				CLANG_WARN_INT_CONVERSION = YES;
				CLANG_WARN_OBJC_ROOT_CLASS = YES_ERROR;
				CLANG_WARN_UNREACHABLE_CODE = YES;
				CLANG_WARN__DUPLICATE_METHOD_MATCH = YES;
				"CODE_SIGN_IDENTITY[sdk=iphoneos*]" = "iPhone Developer";
				COPY_PHASE_STRIP = NO;
				DEBUG_INFORMATION_FORMAT = dwarf;
				ENABLE_STRICT_OBJC_MSGSEND = YES;
				ENABLE_TESTABILITY = YES;
				GCC_C_LANGUAGE_STANDARD = gnu99;
				GCC_DYNAMIC_NO_PIC = NO;
				GCC_NO_COMMON_BLOCKS = YES;
				GCC_OPTIMIZATION_LEVEL = 0;
				GCC_PREPROCESSOR_DEFINITIONS = (
					"DEBUG=1",
					"$(inherited)",
				);
				GCC_WARN_64_TO_32_BIT_CONVERSION = YES;
				GCC_WARN_ABOUT_RETURN_TYPE = YES_ERROR;
				GCC_WARN_UNDECLARED_SELECTOR = YES;
				GCC_WARN_UNINITIALIZED_AUTOS = YES_AGGRESSIVE;
				GCC_WARN_UNUSED_FUNCTION = YES;
				GCC_WARN_UNUSED_VARIABLE = YES;
				IPHONEOS_DEPLOYMENT_TARGET = 9.0;
				MTL_ENABLE_DEBUG_INFO = YES;
				ONLY_ACTIVE_ARCH = YES;
				SDKROOT = iphoneos;
			};
			name = Debug;
		};
		AFA5D44E1BEA6DDC003215AD /* Release */ = {
			isa = XCBuildConfiguration;
			buildSettings = {
				ALWAYS_SEARCH_USER_PATHS = NO;
				CLANG_CXX_LANGUAGE_STANDARD = "gnu++0x";
				CLANG_CXX_LIBRARY = "libc++";
				CLANG_ENABLE_MODULES = YES;
				CLANG_ENABLE_OBJC_ARC = YES;
				CLANG_WARN_BOOL_CONVERSION = YES;
				CLANG_WARN_CONSTANT_CONVERSION = YES;
				CLANG_WARN_DIRECT_OBJC_ISA_USAGE = YES_ERROR;
				CLANG_WARN_EMPTY_BODY = YES;
				CLANG_WARN_ENUM_CONVERSION = YES;
				CLANG_WARN_INT_CONVERSION = YES;
				CLANG_WARN_OBJC_ROOT_CLASS = YES_ERROR;
				CLANG_WARN_UNREACHABLE_CODE = YES;
				CLANG_WARN__DUPLICATE_METHOD_MATCH = YES;
				"CODE_SIGN_IDENTITY[sdk=iphoneos*]" = "iPhone Developer";
				COPY_PHASE_STRIP = NO;
				DEBUG_INFORMATION_FORMAT = "dwarf-with-dsym";
				ENABLE_NS_ASSERTIONS = NO;
				ENABLE_STRICT_OBJC_MSGSEND = YES;
				GCC_C_LANGUAGE_STANDARD = gnu99;
				GCC_NO_COMMON_BLOCKS = YES;
				GCC_WARN_64_TO_32_BIT_CONVERSION = YES;
				GCC_WARN_ABOUT_RETURN_TYPE = YES_ERROR;
				GCC_WARN_UNDECLARED_SELECTOR = YES;
				GCC_WARN_UNINITIALIZED_AUTOS = YES_AGGRESSIVE;
				GCC_WARN_UNUSED_FUNCTION = YES;
				GCC_WARN_UNUSED_VARIABLE = YES;
				IPHONEOS_DEPLOYMENT_TARGET = 9.0;
				MTL_ENABLE_DEBUG_INFO = NO;
				SDKROOT = iphoneos;
				VALIDATE_PRODUCT = YES;
			};
			name = Release;
		};
		AFA5D4501BEA6DDC003215AD /* Debug */ = {
			isa = XCBuildConfiguration;
			buildSettings = {
				ASSETCATALOG_COMPILER_APPICON_NAME = AppIcon;
				INFOPLIST_FILE = BranchExample/Info.plist;
				LD_RUNPATH_SEARCH_PATHS = "$(inherited) @executable_path/Frameworks";
				PRODUCT_BUNDLE_IDENTIFIER = example.com.BranchExample;
				PRODUCT_NAME = "$(TARGET_NAME)";
			};
			name = Debug;
		};
		AFA5D4511BEA6DDC003215AD /* Release */ = {
			isa = XCBuildConfiguration;
			buildSettings = {
				ASSETCATALOG_COMPILER_APPICON_NAME = AppIcon;
				INFOPLIST_FILE = BranchExample/Info.plist;
				LD_RUNPATH_SEARCH_PATHS = "$(inherited) @executable_path/Frameworks";
				PRODUCT_BUNDLE_IDENTIFIER = example.com.BranchExample;
				PRODUCT_NAME = "$(TARGET_NAME)";
			};
			name = Release;
		};
/* End XCBuildConfiguration section */

/* Begin XCConfigurationList section */
		AFA5D4331BEA6DDC003215AD /* Build configuration list for PBXProject "BranchExample" */ = {
			isa = XCConfigurationList;
			buildConfigurations = (
				AFA5D44D1BEA6DDC003215AD /* Debug */,
				AFA5D44E1BEA6DDC003215AD /* Release */,
			);
			defaultConfigurationIsVisible = 0;
			defaultConfigurationName = Release;
		};
		AFA5D44F1BEA6DDC003215AD /* Build configuration list for PBXNativeTarget "BranchExample" */ = {
			isa = XCConfigurationList;
			buildConfigurations = (
				AFA5D4501BEA6DDC003215AD /* Debug */,
				AFA5D4511BEA6DDC003215AD /* Release */,
			);
			defaultConfigurationIsVisible = 0;
		};
/* End XCConfigurationList section */
	};
	rootObject = AFA5D4301BEA6DDC003215AD /* Project object */;
}
